schema: '2.0'
stages:
  train_model:
    cmd: python src/train.py
    deps:
    - path: data/raw/diabetes.csv
      hash: md5
      md5: 2d81284189ec7da4c42dc90ce8e78770
      size: 22991832
    - path: src/train.py
      hash: md5
      md5: f1927db8631095b584928d40535fc1ac
      size: 1618
    outs:
    - path: metrics/metrics.json
      hash: md5
      md5: 6d4eb93bfd8bb1862168fb014577c4ff
      size: 117
    - path: models/model.pkl
      hash: md5
      md5: e63cd9ce9d8ffdb464e9f82de1d73e0b
      size: 3597001121
