schema: '2.0'
stages:
  train_model:
    cmd: python src/train.py
    deps:
    - path: data/raw/diabetes.csv
      hash: md5
      md5: 0c84b09d240b72e8180bceff3965d1bd
      size: 22738151
    - path: src/train.py
      hash: md5
      md5: 4aef033cefe0c2dd357baac599195240
      size: 2163
    outs:
    - path: metrics/metrics.json
      hash: md5
      md5: 4ff96bc5a7cac95bd5b35e0a8101ee72
      size: 117
    - path: models/model.pkl
      hash: md5
      md5: 4e9453120c91816884e60659d23a81e9
      size: 125969073
